// !$*UTF8*$!
{
	archiveVersion = 1;
	classes = {
	};
	objectVersion = 50;
	objects = {

/* Begin PBXBuildFile section */
		AADFAFC721722A8F001065EE /* AppDelegate.swift in Sources */ = {isa = PBXBuildFile; fileRef = AADFAFC621722A8F001065EE /* AppDelegate.swift */; };
		AADFAFC921722A8F001065EE /* ViewController.swift in Sources */ = {isa = PBXBuildFile; fileRef = AADFAFC821722A8F001065EE /* ViewController.swift */; };
		AADFAFCC21722A8F001065EE /* Main.storyboard in Resources */ = {isa = PBXBuildFile; fileRef = AADFAFCA21722A8F001065EE /* Main.storyboard */; };
		AADFAFCE21722A91001065EE /* Assets.xcassets in Resources */ = {isa = PBXBuildFile; fileRef = AADFAFCD21722A91001065EE /* Assets.xcassets */; };
		AADFAFD121722A91001065EE /* LaunchScreen.storyboard in Resources */ = {isa = PBXBuildFile; fileRef = AADFAFCF21722A91001065EE /* LaunchScreen.storyboard */; };
		AADFAFDA21722F74001065EE /* ModuleA.swift in Sources */ = {isa = PBXBuildFile; fileRef = AADFAFD921722F74001065EE /* ModuleA.swift */; };
/* End PBXBuildFile section */

/* Begin PBXFileReference section */
		AADFAFC321722A8F001065EE /* ModuleA.app */ = {isa = PBXFileReference; explicitFileType = wrapper.application; includeInIndex = 0; path = ModuleA.app; sourceTree = BUILT_PRODUCTS_DIR; };
		AADFAFC621722A8F001065EE /* AppDelegate.swift */ = {isa = PBXFileReference; lastKnownFileType = sourcecode.swift; path = AppDelegate.swift; sourceTree = "<group>"; };
		AADFAFC821722A8F001065EE /* ViewController.swift */ = {isa = PBXFileReference; lastKnownFileType = sourcecode.swift; path = ViewController.swift; sourceTree = "<group>"; };
		AADFAFCB21722A8F001065EE /* Base */ = {isa = PBXFileReference; lastKnownFileType = file.storyboard; name = Base; path = Base.lproj/Main.storyboard; sourceTree = "<group>"; };
		AADFAFCD21722A91001065EE /* Assets.xcassets */ = {isa = PBXFileReference; lastKnownFileType = folder.assetcatalog; path = Assets.xcassets; sourceTree = "<group>"; };
		AADFAFD021722A91001065EE /* Base */ = {isa = PBXFileReference; lastKnownFileType = file.storyboard; name = Base; path = Base.lproj/LaunchScreen.storyboard; sourceTree = "<group>"; };
		AADFAFD221722A91001065EE /* Info.plist */ = {isa = PBXFileReference; lastKnownFileType = text.plist.xml; path = Info.plist; sourceTree = "<group>"; };
		AADFAFD921722F74001065EE /* ModuleA.swift */ = {isa = PBXFileReference; lastKnownFileType = sourcecode.swift; path = ModuleA.swift; sourceTree = "<group>"; };
/* End PBXFileReference section */

/* Begin PBXFrameworksBuildPhase section */
		AADFAFC021722A8F001065EE /* Frameworks */ = {
			isa = PBXFrameworksBuildPhase;
			buildActionMask = 2147483647;
			files = (
			);
			runOnlyForDeploymentPostprocessing = 0;
		};
/* End PBXFrameworksBuildPhase section */

/* Begin PBXGroup section */
		AADFAFBA21722A8F001065EE = {
			isa = PBXGroup;
			children = (
				AADFAFC521722A8F001065EE /* ModuleA */,
				AADFAFC421722A8F001065EE /* Products */,
			);
			sourceTree = "<group>";
		};
		AADFAFC421722A8F001065EE /* Products */ = {
			isa = PBXGroup;
			children = (
				AADFAFC321722A8F001065EE /* ModuleA.app */,
			);
			name = Products;
			sourceTree = "<group>";
		};
		AADFAFC521722A8F001065EE /* ModuleA */ = {
			isa = PBXGroup;
			children = (
				AADFAFD821722F58001065EE /* ModuleA */,
				AADFAFC621722A8F001065EE /* AppDelegate.swift */,
				AADFAFC821722A8F001065EE /* ViewController.swift */,
				AADFAFCA21722A8F001065EE /* Main.storyboard */,
				AADFAFCD21722A91001065EE /* Assets.xcassets */,
				AADFAFCF21722A91001065EE /* LaunchScreen.storyboard */,
				AADFAFD221722A91001065EE /* Info.plist */,
			);
			path = ModuleA;
			sourceTree = "<group>";
		};
		AADFAFD821722F58001065EE /* ModuleA */ = {
			isa = PBXGroup;
			children = (
				AADFAFD921722F74001065EE /* ModuleA.swift */,
			);
			path = ModuleA;
			sourceTree = "<group>";
		};
/* End PBXGroup section */

/* Begin PBXNativeTarget section */
		AADFAFC221722A8F001065EE /* ModuleA */ = {
			isa = PBXNativeTarget;
			buildConfigurationList = AADFAFD521722A91001065EE /* Build configuration list for PBXNativeTarget "ModuleA" */;
			buildPhases = (
				AADFAFBF21722A8F001065EE /* Sources */,
				AADFAFC021722A8F001065EE /* Frameworks */,
				AADFAFC121722A8F001065EE /* Resources */,
			);
			buildRules = (
			);
			dependencies = (
			);
			name = ModuleA;
			productName = ModuleA;
			productReference = AADFAFC321722A8F001065EE /* ModuleA.app */;
			productType = "com.apple.product-type.application";
		};
/* End PBXNativeTarget section */

/* Begin PBXProject section */
		AADFAFBB21722A8F001065EE /* Project object */ = {
			isa = PBXProject;
			attributes = {
				LastSwiftUpdateCheck = 1000;
				LastUpgradeCheck = 1000;
				ORGANIZATIONNAME = "葬花桥";
				TargetAttributes = {
					AADFAFC221722A8F001065EE = {
						CreatedOnToolsVersion = 10.0;
					};
				};
			};
			buildConfigurationList = AADFAFBE21722A8F001065EE /* Build configuration list for PBXProject "ModuleA" */;
			compatibilityVersion = "Xcode 9.3";
			developmentRegion = en;
			hasScannedForEncodings = 0;
			knownRegions = (
				en,
				Base,
			);
			mainGroup = AADFAFBA21722A8F001065EE;
			productRefGroup = AADFAFC421722A8F001065EE /* Products */;
			projectDirPath = "";
			projectRoot = "";
			targets = (
				AADFAFC221722A8F001065EE /* ModuleA */,
			);
		};
/* End PBXProject section */

/* Begin PBXResourcesBuildPhase section */
		AADFAFC121722A8F001065EE /* Resources */ = {
			isa = PBXResourcesBuildPhase;
			buildActionMask = 2147483647;
			files = (
				AADFAFD121722A91001065EE /* LaunchScreen.storyboard in Resources */,
				AADFAFCE21722A91001065EE /* Assets.xcassets in Resources */,
				AADFAFCC21722A8F001065EE /* Main.storyboard in Resources */,
			);
			runOnlyForDeploymentPostprocessing = 0;
		};
/* End PBXResourcesBuildPhase section */

/* Begin PBXSourcesBuildPhase section */
		AADFAFBF21722A8F001065EE /* Sources */ = {
			isa = PBXSourcesBuildPhase;
			buildActionMask = 2147483647;
			files = (
				AADFAFC921722A8F001065EE /* ViewController.swift in Sources */,
				AADFAFDA21722F74001065EE /* ModuleA.swift in Sources */,
				AADFAFC721722A8F001065EE /* AppDelegate.swift in Sources */,
			);
			runOnlyForDeploymentPostprocessing = 0;
		};
/* End PBXSourcesBuildPhase section */

/* Begin PBXVariantGroup section */
		AADFAFCA21722A8F001065EE /* Main.storyboard */ = {
			isa = PBXVariantGroup;
			children = (
				AADFAFCB21722A8F001065EE /* Base */,
			);
			name = Main.storyboard;
			sourceTree = "<group>";
		};
		AADFAFCF21722A91001065EE /* LaunchScreen.storyboard */ = {
			isa = PBXVariantGroup;
			children = (
				AADFAFD021722A91001065EE /* Base */,
			);
			name = LaunchScreen.storyboard;
			sourceTree = "<group>";
		};
/* End PBXVariantGroup section */

/* Begin XCBuildConfiguration section */
		AADFAFD321722A91001065EE /* Debug */ = {
			isa = XCBuildConfiguration;
			buildSettings = {
				ALWAYS_SEARCH_USER_PATHS = NO;
				CLANG_ANALYZER_NONNULL = YES;
				CLANG_ANALYZER_NUMBER_OBJECT_CONVERSION = YES_AGGRESSIVE;
				CLANG_CXX_LANGUAGE_STANDARD = "gnu++14";
				CLANG_CXX_LIBRARY = "libc++";
				CLANG_ENABLE_MODULES = YES;
				CLANG_ENABLE_OBJC_ARC = YES;
				CLANG_ENABLE_OBJC_WEAK = YES;
				CLANG_WARN_BLOCK_CAPTURE_AUTORELEASING = YES;
				CLANG_WARN_BOOL_CONVERSION = YES;
				CLANG_WARN_COMMA = YES;
				CLANG_WARN_CONSTANT_CONVERSION = YES;
				CLANG_WARN_DEPRECATED_OBJC_IMPLEMENTATIONS = YES;
				CLANG_WARN_DIRECT_OBJC_ISA_USAGE = YES_ERROR;
				CLANG_WARN_DOCUMENTATION_COMMENTS = YES;
				CLANG_WARN_EMPTY_BODY = YES;
				CLANG_WARN_ENUM_CONVERSION = YES;
				CLANG_WARN_INFINITE_RECURSION = YES;
				CLANG_WARN_INT_CONVERSION = YES;
				CLANG_WARN_NON_LITERAL_NULL_CONVERSION = YES;
				CLANG_WARN_OBJC_IMPLICIT_RETAIN_SELF = YES;
				CLANG_WARN_OBJC_LITERAL_CONVERSION = YES;
				CLANG_WARN_OBJC_ROOT_CLASS = YES_ERROR;
				CLANG_WARN_RANGE_LOOP_ANALYSIS = YES;
				CLANG_WARN_STRICT_PROTOTYPES = YES;
				CLANG_WARN_SUSPICIOUS_MOVE = YES;
				CLANG_WARN_UNGUARDED_AVAILABILITY = YES_AGGRESSIVE;
				CLANG_WARN_UNREACHABLE_CODE = YES;
				CLANG_WARN__DUPLICATE_METHOD_MATCH = YES;
				CODE_SIGN_IDENTITY = "iPhone Developer";
				COPY_PHASE_STRIP = NO;
				DEBUG_INFORMATION_FORMAT = dwarf;
				ENABLE_STRICT_OBJC_MSGSEND = YES;
				ENABLE_TESTABILITY = YES;
				GCC_C_LANGUAGE_STANDARD = gnu11;
				GCC_DYNAMIC_NO_PIC = NO;
				GCC_NO_COMMON_BLOCKS = YES;
				GCC_OPTIMIZATION_LEVEL = 0;
				GCC_PREPROCESSOR_DEFINITIONS = (
					"DEBUG=1",
					"$(inherited)",
				);
				GCC_WARN_64_TO_32_BIT_CONVERSION = YES;
				GCC_WARN_ABOUT_RETURN_TYPE = YES_ERROR;
				GCC_WARN_UNDECLARED_SELECTOR = YES;
				GCC_WARN_UNINITIALIZED_AUTOS = YES_AGGRESSIVE;
				GCC_WARN_UNUSED_FUNCTION = YES;
				GCC_WARN_UNUSED_VARIABLE = YES;
				IPHONEOS_DEPLOYMENT_TARGET = 12.0;
				MTL_ENABLE_DEBUG_INFO = INCLUDE_SOURCE;
				MTL_FAST_MATH = YES;
				ONLY_ACTIVE_ARCH = YES;
				SDKROOT = iphoneos;
				SWIFT_ACTIVE_COMPILATION_CONDITIONS = DEBUG;
				SWIFT_OPTIMIZATION_LEVEL = "-Onone";
			};
			name = Debug;
		};
		AADFAFD421722A91001065EE /* Release */ = {
			isa = XCBuildConfiguration;
			buildSettings = {
				ALWAYS_SEARCH_USER_PATHS = NO;
				CLANG_ANALYZER_NONNULL = YES;
				CLANG_ANALYZER_NUMBER_OBJECT_CONVERSION = YES_AGGRESSIVE;
				CLANG_CXX_LANGUAGE_STANDARD = "gnu++14";
				CLANG_CXX_LIBRARY = "libc++";
				CLANG_ENABLE_MODULES = YES;
				CLANG_ENABLE_OBJC_ARC = YES;
				CLANG_ENABLE_OBJC_WEAK = YES;
				CLANG_WARN_BLOCK_CAPTURE_AUTORELEASING = YES;
				CLANG_WARN_BOOL_CONVERSION = YES;
				CLANG_WARN_COMMA = YES;
				CLANG_WARN_CONSTANT_CONVERSION = YES;
				CLANG_WARN_DEPRECATED_OBJC_IMPLEMENTATIONS = YES;
				CLANG_WARN_DIRECT_OBJC_ISA_USAGE = YES_ERROR;
				CLANG_WARN_DOCUMENTATION_COMMENTS = YES;
				CLANG_WARN_EMPTY_BODY = YES;
				CLANG_WARN_ENUM_CONVERSION = YES;
				CLANG_WARN_INFINITE_RECURSION = YES;
				CLANG_WARN_INT_CONVERSION = YES;
				CLANG_WARN_NON_LITERAL_NULL_CONVERSION = YES;
				CLANG_WARN_OBJC_IMPLICIT_RETAIN_SELF = YES;
				CLANG_WARN_OBJC_LITERAL_CONVERSION = YES;
				CLANG_WARN_OBJC_ROOT_CLASS = YES_ERROR;
				CLANG_WARN_RANGE_LOOP_ANALYSIS = YES;
				CLANG_WARN_STRICT_PROTOTYPES = YES;
				CLANG_WARN_SUSPICIOUS_MOVE = YES;
				CLANG_WARN_UNGUARDED_AVAILABILITY = YES_AGGRESSIVE;
				CLANG_WARN_UNREACHABLE_CODE = YES;
				CLANG_WARN__DUPLICATE_METHOD_MATCH = YES;
				CODE_SIGN_IDENTITY = "iPhone Developer";
				COPY_PHASE_STRIP = NO;
				DEBUG_INFORMATION_FORMAT = "dwarf-with-dsym";
				ENABLE_NS_ASSERTIONS = NO;
				ENABLE_STRICT_OBJC_MSGSEND = YES;
				GCC_C_LANGUAGE_STANDARD = gnu11;
				GCC_NO_COMMON_BLOCKS = YES;
				GCC_WARN_64_TO_32_BIT_CONVERSION = YES;
				GCC_WARN_ABOUT_RETURN_TYPE = YES_ERROR;
				GCC_WARN_UNDECLARED_SELECTOR = YES;
				GCC_WARN_UNINITIALIZED_AUTOS = YES_AGGRESSIVE;
				GCC_WARN_UNUSED_FUNCTION = YES;
				GCC_WARN_UNUSED_VARIABLE = YES;
				IPHONEOS_DEPLOYMENT_TARGET = 12.0;
				MTL_ENABLE_DEBUG_INFO = NO;
				MTL_FAST_MATH = YES;
				SDKROOT = iphoneos;
				SWIFT_COMPILATION_MODE = wholemodule;
				SWIFT_OPTIMIZATION_LEVEL = "-O";
				VALIDATE_PRODUCT = YES;
			};
			name = Release;
		};
		AADFAFD621722A91001065EE /* Debug */ = {
			isa = XCBuildConfiguration;
			buildSettings = {
				ASSETCATALOG_COMPILER_APPICON_NAME = AppIcon;
				CODE_SIGN_STYLE = Automatic;
				INFOPLIST_FILE = ModuleA/Info.plist;
				LD_RUNPATH_SEARCH_PATHS = (
					"$(inherited)",
					"@executable_path/Frameworks",
				);
				PRODUCT_BUNDLE_IDENTIFIER = com.jyall.ModuleA;
				PRODUCT_NAME = "$(TARGET_NAME)";
				SWIFT_VERSION = 4.2;
				TARGETED_DEVICE_FAMILY = "1,2";
			};
			name = Debug;
		};
		AADFAFD721722A91001065EE /* Release */ = {
			isa = XCBuildConfiguration;
			buildSettings = {
				ASSETCATALOG_COMPILER_APPICON_NAME = AppIcon;
				CODE_SIGN_STYLE = Automatic;
				INFOPLIST_FILE = ModuleA/Info.plist;
				LD_RUNPATH_SEARCH_PATHS = (
					"$(inherited)",
					"@executable_path/Frameworks",
				);
				PRODUCT_BUNDLE_IDENTIFIER = com.jyall.ModuleA;
				PRODUCT_NAME = "$(TARGET_NAME)";
				SWIFT_VERSION = 4.2;
				TARGETED_DEVICE_FAMILY = "1,2";
			};
			name = Release;
		};
/* End XCBuildConfiguration section */

/* Begin XCConfigurationList section */
		AADFAFBE21722A8F001065EE /* Build configuration list for PBXProject "ModuleA" */ = {
			isa = XCConfigurationList;
			buildConfigurations = (
				AADFAFD321722A91001065EE /* Debug */,
				AADFAFD421722A91001065EE /* Release */,
			);
			defaultConfigurationIsVisible = 0;
			defaultConfigurationName = Release;
		};
		AADFAFD521722A91001065EE /* Build configuration list for PBXNativeTarget "ModuleA" */ = {
			isa = XCConfigurationList;
			buildConfigurations = (
				AADFAFD621722A91001065EE /* Debug */,
				AADFAFD721722A91001065EE /* Release */,
			);
			defaultConfigurationIsVisible = 0;
			defaultConfigurationName = Release;
		};
/* End XCConfigurationList section */
	};
	rootObject = AADFAFBB21722A8F001065EE /* Project object */;
}
